
Microsoft Visual Studio Solution File, Format Version 12.00
# Visual Studio Version 17
VisualStudioVersion = 17.7.34202.233
MinimumVisualStudioVersion = 10.0.40219.1
Project("{9A19103F-16F7-4668-BE54-9A1E7A4F7556}") = "RitualSummonCheat", "RitualSummonCheat.csproj", "{C752A06B-89D6-4E3A-892B-08B79F1CF16A}"
EndProject
Global
	GlobalSection(SolutionConfigurationPlatforms) = preSolution
		Debug|Any CPU = Debug|Any CPU
		Release|Any CPU = Release|Any CPU
	EndGlobalSection
	GlobalSection(ProjectConfigurationPlatforms) = postSolution
		{C752A06B-89D6-4E3A-892B-08B79F1CF16A}.Debug|Any CPU.ActiveCfg = Debug|Any CPU
		{C752A06B-89D6-4E3A-892B-08B79F1CF16A}.Debug|Any CPU.Build.0 = Debug|Any CPU
		{C752A06B-89D6-4E3A-892B-08B79F1CF16A}.Release|Any CPU.ActiveCfg = Release|Any CPU
		{C752A06B-89D6-4E3A-892B-08B79F1CF16A}.Release|Any CPU.Build.0 = Release|Any CPU
	EndGlobalSection
	GlobalSection(SolutionProperties) = preSolution
		HideSolutionNode = FALSE
	EndGlobalSection
	GlobalSection(ExtensibilityGlobals) = postSolution
		SolutionGuid = {6BA56C7A-D9EC-4D6D-A441-7AD7E7EC4C5A}
	EndGlobalSection
EndGlobal
